
Microsoft Visual Studio Solution File, Format Version 11.00
# Visual Studio 2010
Project("{FAE04EC0-301F-11D3-BF4B-00C04F79EFBC}") = "HitmanGO", "Assembly-CSharp.csproj", "{87EBBD58-C319-62D8-DA49-4D57A48D052B}"
EndProject
Project("{FAE04EC0-301F-11D3-BF4B-00C04F79EFBC}") = "HitmanGO", "Assembly-CSharp-firstpass.csproj", "{2C83A39E-F9B5-2985-52E2-2EF85ADB7106}"
EndProject
Project("{FAE04EC0-301F-11D3-BF4B-00C04F79EFBC}") = "HitmanGO", "Assembly-CSharp-Editor.csproj", "{9B92B1CB-290E-2E7B-1604-E1CDD4070422}"
EndProject
Global
	GlobalSection(SolutionConfigurationPlatforms) = preSolution
		Debug|Any CPU = Debug|Any CPU
		Release|Any CPU = Release|Any CPU
	EndGlobalSection
	GlobalSection(ProjectConfigurationPlatforms) = postSolution
		{87EBBD58-C319-62D8-DA49-4D57A48D052B}.Debug|Any CPU.ActiveCfg = Debug|Any CPU
		{87EBBD58-C319-62D8-DA49-4D57A48D052B}.Debug|Any CPU.Build.0 = Debug|Any CPU
		{87EBBD58-C319-62D8-DA49-4D57A48D052B}.Release|Any CPU.ActiveCfg = Release|Any CPU
		{87EBBD58-C319-62D8-DA49-4D57A48D052B}.Release|Any CPU.Build.0 = Release|Any CPU
		{2C83A39E-F9B5-2985-52E2-2EF85ADB7106}.Debug|Any CPU.ActiveCfg = Debug|Any CPU
		{2C83A39E-F9B5-2985-52E2-2EF85ADB7106}.Debug|Any CPU.Build.0 = Debug|Any CPU
		{2C83A39E-F9B5-2985-52E2-2EF85ADB7106}.Release|Any CPU.ActiveCfg = Release|Any CPU
		{2C83A39E-F9B5-2985-52E2-2EF85ADB7106}.Release|Any CPU.Build.0 = Release|Any CPU
		{9B92B1CB-290E-2E7B-1604-E1CDD4070422}.Debug|Any CPU.ActiveCfg = Debug|Any CPU
		{9B92B1CB-290E-2E7B-1604-E1CDD4070422}.Debug|Any CPU.Build.0 = Debug|Any CPU
		{9B92B1CB-290E-2E7B-1604-E1CDD4070422}.Release|Any CPU.ActiveCfg = Release|Any CPU
		{9B92B1CB-290E-2E7B-1604-E1CDD4070422}.Release|Any CPU.Build.0 = Release|Any CPU
	EndGlobalSection
	GlobalSection(SolutionProperties) = preSolution
		HideSolutionNode = FALSE
	EndGlobalSection
	GlobalSection(MonoDevelopProperties) = preSolution
		StartupItem = Assembly-CSharp.csproj
	EndGlobalSection
EndGlobal
